
Microsoft Visual Studio Solution File, Format Version 12.00
Project("{FAE04EC0-301F-11D3-BF4B-00C04F79EFBC}") = "rag-2-backend", "rag-2-backend.csproj", "{ABD4F303-26E8-4D87-AA41-A09D8A6E989D}"
EndProject
Project("{2150E333-8FDC-42A3-9474-1A3956D46DE8}") = "Solution Items", "Solution Items", "{D3BE38D1-8EDF-40C1-A577-58F6B28F302F}"
	ProjectSection(SolutionItems) = preProject
		docker-compose.yml = docker-compose.yml
	EndProjectSection
EndProject
Global
	GlobalSection(SolutionConfigurationPlatforms) = preSolution
		Debug|Any CPU = Debug|Any CPU
		Release|Any CPU = Release|Any CPU
	EndGlobalSection
	GlobalSection(ProjectConfigurationPlatforms) = postSolution
		{ABD4F303-26E8-4D87-AA41-A09D8A6E989D}.Debug|Any CPU.ActiveCfg = Debug|Any CPU
		{ABD4F303-26E8-4D87-AA41-A09D8A6E989D}.Debug|Any CPU.Build.0 = Debug|Any CPU
		{ABD4F303-26E8-4D87-AA41-A09D8A6E989D}.Release|Any CPU.ActiveCfg = Release|Any CPU
		{ABD4F303-26E8-4D87-AA41-A09D8A6E989D}.Release|Any CPU.Build.0 = Release|Any CPU
	EndGlobalSection
EndGlobal
